
Microsoft Visual Studio Solution File, Format Version 12.00
# Visual Studio 14
VisualStudioVersion = 14.0.22310.1
MinimumVisualStudioVersion = 10.0.40219.1
Project("{FAE04EC0-301F-11D3-BF4B-00C04F79EFBC}") = "VarAnalyzer", "VarAnalyzer\VarAnalyzer\VarAnalyzer.csproj", "{F66C4BE9-44FF-4901-A824-8EA56D259C1A}"
EndProject
Project("{2150E333-8FDC-42A3-9474-1A3956D46DE8}") = ".nuget", ".nuget", "{2CC36B79-BE1F-438D-A908-BD7002A18329}"
	ProjectSection(SolutionItems) = preProject
		.nuget\packages.config = .nuget\packages.config
	EndProjectSection
EndProject
Project("{FAE04EC0-301F-11D3-BF4B-00C04F79EFBC}") = "VarAnalyzer.Test", "VarAnalyzer\VarAnalyzer.Test\VarAnalyzer.Test.csproj", "{8983EEB4-FA51-4050-A2D3-F4290E823418}"
EndProject
Project("{FAE04EC0-301F-11D3-BF4B-00C04F79EFBC}") = "VarAnalyzer.Vsix", "VarAnalyzer\VarAnalyzer.Vsix\VarAnalyzer.Vsix.csproj", "{2371B0B0-DB56-47BD-8884-BC574B59573A}"
EndProject
Global
	GlobalSection(SolutionConfigurationPlatforms) = preSolution
		Debug|Any CPU = Debug|Any CPU
		Release|Any CPU = Release|Any CPU
	EndGlobalSection
	GlobalSection(ProjectConfigurationPlatforms) = postSolution
		{F66C4BE9-44FF-4901-A824-8EA56D259C1A}.Debug|Any CPU.ActiveCfg = Debug|Any CPU
		{F66C4BE9-44FF-4901-A824-8EA56D259C1A}.Debug|Any CPU.Build.0 = Debug|Any CPU
		{F66C4BE9-44FF-4901-A824-8EA56D259C1A}.Release|Any CPU.ActiveCfg = Release|Any CPU
		{F66C4BE9-44FF-4901-A824-8EA56D259C1A}.Release|Any CPU.Build.0 = Release|Any CPU
		{8983EEB4-FA51-4050-A2D3-F4290E823418}.Debug|Any CPU.ActiveCfg = Debug|Any CPU
		{8983EEB4-FA51-4050-A2D3-F4290E823418}.Debug|Any CPU.Build.0 = Debug|Any CPU
		{8983EEB4-FA51-4050-A2D3-F4290E823418}.Release|Any CPU.ActiveCfg = Release|Any CPU
		{8983EEB4-FA51-4050-A2D3-F4290E823418}.Release|Any CPU.Build.0 = Release|Any CPU
		{2371B0B0-DB56-47BD-8884-BC574B59573A}.Debug|Any CPU.ActiveCfg = Debug|Any CPU
		{2371B0B0-DB56-47BD-8884-BC574B59573A}.Debug|Any CPU.Build.0 = Debug|Any CPU
		{2371B0B0-DB56-47BD-8884-BC574B59573A}.Release|Any CPU.ActiveCfg = Release|Any CPU
		{2371B0B0-DB56-47BD-8884-BC574B59573A}.Release|Any CPU.Build.0 = Release|Any CPU
	EndGlobalSection
	GlobalSection(SolutionProperties) = preSolution
		HideSolutionNode = FALSE
	EndGlobalSection
EndGlobal
